// !$*UTF8*$!
{
	archiveVersion = 1;
	classes = {
	};
	objectVersion = 46;
	objects = {

/* Begin PBXBuildFile section */
		0314E39D1B661A460092D183 /* CameraFocusSquare.m in Sources */ = {isa = PBXBuildFile; fileRef = 0314E39C1B661A460092D183 /* CameraFocusSquare.m */; };
		4107014E1ACB732B00C6AA39 /* RCTCameraManager.m in Sources */ = {isa = PBXBuildFile; fileRef = 4107014A1ACB732B00C6AA39 /* RCTCameraManager.m */; };
		454EBCF41B5082DC00AD0F86 /* NSMutableDictionary+ImageMetadata.m in Sources */ = {isa = PBXBuildFile; fileRef = 454EBCF31B5082DC00AD0F86 /* NSMutableDictionary+ImageMetadata.m */; };
		7103647B20195C53009691D1 /* RNFaceDetectorManagerStub.m in Sources */ = {isa = PBXBuildFile; fileRef = 7103647A20195C53009691D1 /* RNFaceDetectorManagerStub.m */; };
		7162BE672013EAA100FE51FF /* RNCamera.m in Sources */ = {isa = PBXBuildFile; fileRef = 71C7FFCC2013C7BF006EB75A /* RNCamera.m */; };
		7162BE682013EAA400FE51FF /* RNCameraManager.m in Sources */ = {isa = PBXBuildFile; fileRef = 71C7FFC92013C7AE006EB75A /* RNCameraManager.m */; };
		71C7FFD02013C7E5006EB75A /* RNCameraUtils.m in Sources */ = {isa = PBXBuildFile; fileRef = 71C7FFCF2013C7E5006EB75A /* RNCameraUtils.m */; };
		71C7FFD32013C817006EB75A /* RNImageUtils.m in Sources */ = {isa = PBXBuildFile; fileRef = 71C7FFD22013C817006EB75A /* RNImageUtils.m */; };
		71C7FFD62013C824006EB75A /* RNFileSystem.m in Sources */ = {isa = PBXBuildFile; fileRef = 71C7FFD52013C824006EB75A /* RNFileSystem.m */; };
		71D5C728201B8A2A0030A15E /* RNFaceEncoder.m in Sources */ = {isa = PBXBuildFile; fileRef = 7147DBBE20155694003C59C3 /* RNFaceEncoder.m */; };
		71D5C729201B8A2D0030A15E /* RNFaceDetectorUtils.m in Sources */ = {isa = PBXBuildFile; fileRef = 7147DBBB20155594003C59C3 /* RNFaceDetectorUtils.m */; };
		71D5C72A201B8A2F0030A15E /* RNFaceDetectorPointTransformCalculator.m in Sources */ = {isa = PBXBuildFile; fileRef = 7147DBB8201553EE003C59C3 /* RNFaceDetectorPointTransformCalculator.m */; };
		71D5C72B201B8A320030A15E /* RNFaceDetectorModule.m in Sources */ = {isa = PBXBuildFile; fileRef = 7147DBB520155340003C59C3 /* RNFaceDetectorModule.m */; };
		71D5C72C201B8A360030A15E /* RNFaceDetectorManager.m in Sources */ = {isa = PBXBuildFile; fileRef = 7147DBB22015319E003C59C3 /* RNFaceDetectorManager.m */; };
		725FA0D4206DA58900E15BB2 /* libHudlFFmpegProcessor.a in Frameworks */ = {isa = PBXBuildFile; fileRef = 725FA0A4206DA45100E15BB2 /* libHudlFFmpegProcessor.a */; };
		728ABC4220632286007DC4F1 /* RCTCamera.m in Sources */ = {isa = PBXBuildFile; fileRef = 410701481ACB732B00C6AA39 /* RCTCamera.m */; };
		728ABDE7206353E2007DC4F1 /* GoogleMobileVision.framework in Frameworks */ = {isa = PBXBuildFile; fileRef = 728ABDC3206353E1007DC4F1 /* GoogleMobileVision.framework */; };
		728ABDE8206353E2007DC4F1 /* FaceDetector.framework in Frameworks */ = {isa = PBXBuildFile; fileRef = 728ABDC7206353E1007DC4F1 /* FaceDetector.framework */; };
		728ABDE9206353E2007DC4F1 /* GoogleMVDataOutput.framework in Frameworks */ = {isa = PBXBuildFile; fileRef = 728ABDD3206353E1007DC4F1 /* GoogleMVDataOutput.framework */; };
		728ABDEA206353E2007DC4F1 /* GoogleInterchangeUtilities.framework in Frameworks */ = {isa = PBXBuildFile; fileRef = 728ABDD8206353E1007DC4F1 /* GoogleInterchangeUtilities.framework */; };
		728ABDEB206353E2007DC4F1 /* GoogleNetworkingUtilities.framework in Frameworks */ = {isa = PBXBuildFile; fileRef = 728ABDDD206353E1007DC4F1 /* GoogleNetworkingUtilities.framework */; };
		728ABDEC206353E2007DC4F1 /* GoogleSymbolUtilities.framework in Frameworks */ = {isa = PBXBuildFile; fileRef = 728ABDE1206353E1007DC4F1 /* GoogleSymbolUtilities.framework */; };
		728ABDED206353E2007DC4F1 /* GoogleUtilities.framework in Frameworks */ = {isa = PBXBuildFile; fileRef = 728ABDE6206353E2007DC4F1 /* GoogleUtilities.framework */; };
		72A5BAF620631E6100715277 /* AddressBook.framework in Frameworks */ = {isa = PBXBuildFile; fileRef = 72A5BAF520631E6000715277 /* AddressBook.framework */; };
		9FE592B31CA3CBF500788287 /* RCTSensorOrientationChecker.m in Sources */ = {isa = PBXBuildFile; fileRef = 9FE592B21CA3CBF500788287 /* RCTSensorOrientationChecker.m */; };
/* End PBXBuildFile section */

/* Begin PBXContainerItemProxy section */
		725FA0A3206DA45100E15BB2 /* PBXContainerItemProxy */ = {
			isa = PBXContainerItemProxy;
			containerPortal = 725FA09E206DA45100E15BB2 /* HudlFFmpegProcessor.xcodeproj */;
			proxyType = 2;
			remoteGlobalIDString = ED92E9D61A705CEF00E2C415;
			remoteInfo = HudlFFmpegProcessor;
		};
		725FA0A5206DA45100E15BB2 /* PBXContainerItemProxy */ = {
			isa = PBXContainerItemProxy;
			containerPortal = 725FA09E206DA45100E15BB2 /* HudlFFmpegProcessor.xcodeproj */;
			proxyType = 2;
			remoteGlobalIDString = ED92E9E11A705CEF00E2C415;
			remoteInfo = HudlFFmpegProcessorTests;
		};
/* End PBXContainerItemProxy section */

/* Begin PBXCopyFilesBuildPhase section */
		4107012D1ACB723B00C6AA39 /* CopyFiles */ = {
			isa = PBXCopyFilesBuildPhase;
			buildActionMask = 2147483647;
			dstPath = "include/$(PRODUCT_NAME)";
			dstSubfolderSpec = 16;
			files = (
			);
			runOnlyForDeploymentPostprocessing = 0;
		};
/* End PBXCopyFilesBuildPhase section */

/* Begin PBXFileReference section */
		0314E39B1B661A0C0092D183 /* CameraFocusSquare.h */ = {isa = PBXFileReference; lastKnownFileType = sourcecode.c.h; path = CameraFocusSquare.h; sourceTree = "<group>"; };
		0314E39C1B661A460092D183 /* CameraFocusSquare.m */ = {isa = PBXFileReference; fileEncoding = 4; lastKnownFileType = sourcecode.c.objc; path = CameraFocusSquare.m; sourceTree = "<group>"; };
		4107012F1ACB723B00C6AA39 /* libRNCamera.a */ = {isa = PBXFileReference; explicitFileType = archive.ar; includeInIndex = 0; path = libRNCamera.a; sourceTree = BUILT_PRODUCTS_DIR; };
		410701471ACB732B00C6AA39 /* RCTCamera.h */ = {isa = PBXFileReference; fileEncoding = 4; lastKnownFileType = sourcecode.c.h; path = RCTCamera.h; sourceTree = "<group>"; };
		410701481ACB732B00C6AA39 /* RCTCamera.m */ = {isa = PBXFileReference; fileEncoding = 4; lastKnownFileType = sourcecode.c.objc; path = RCTCamera.m; sourceTree = "<group>"; };
		410701491ACB732B00C6AA39 /* RCTCameraManager.h */ = {isa = PBXFileReference; fileEncoding = 4; lastKnownFileType = sourcecode.c.h; path = RCTCameraManager.h; sourceTree = "<group>"; };
		4107014A1ACB732B00C6AA39 /* RCTCameraManager.m */ = {isa = PBXFileReference; fileEncoding = 4; lastKnownFileType = sourcecode.c.objc; path = RCTCameraManager.m; sourceTree = "<group>"; };
		454EBCF31B5082DC00AD0F86 /* NSMutableDictionary+ImageMetadata.m */ = {isa = PBXFileReference; fileEncoding = 4; lastKnownFileType = sourcecode.c.objc; path = "NSMutableDictionary+ImageMetadata.m"; sourceTree = "<group>"; };
		7103647920195C53009691D1 /* RNFaceDetectorManagerStub.h */ = {isa = PBXFileReference; lastKnownFileType = sourcecode.c.h; path = RNFaceDetectorManagerStub.h; sourceTree = "<group>"; };
		7103647A20195C53009691D1 /* RNFaceDetectorManagerStub.m */ = {isa = PBXFileReference; lastKnownFileType = sourcecode.c.objc; path = RNFaceDetectorManagerStub.m; sourceTree = "<group>"; };
		7147DBB12015319E003C59C3 /* RNFaceDetectorManager.h */ = {isa = PBXFileReference; lastKnownFileType = sourcecode.c.h; path = RNFaceDetectorManager.h; sourceTree = "<group>"; };
		7147DBB22015319E003C59C3 /* RNFaceDetectorManager.m */ = {isa = PBXFileReference; lastKnownFileType = sourcecode.c.objc; path = RNFaceDetectorManager.m; sourceTree = "<group>"; };
		7147DBB420155340003C59C3 /* RNFaceDetectorModule.h */ = {isa = PBXFileReference; lastKnownFileType = sourcecode.c.h; path = RNFaceDetectorModule.h; sourceTree = "<group>"; };
		7147DBB520155340003C59C3 /* RNFaceDetectorModule.m */ = {isa = PBXFileReference; lastKnownFileType = sourcecode.c.objc; path = RNFaceDetectorModule.m; sourceTree = "<group>"; };
		7147DBB7201553EE003C59C3 /* RNFaceDetectorPointTransformCalculator.h */ = {isa = PBXFileReference; lastKnownFileType = sourcecode.c.h; path = RNFaceDetectorPointTransformCalculator.h; sourceTree = "<group>"; };
		7147DBB8201553EE003C59C3 /* RNFaceDetectorPointTransformCalculator.m */ = {isa = PBXFileReference; lastKnownFileType = sourcecode.c.objc; path = RNFaceDetectorPointTransformCalculator.m; sourceTree = "<group>"; };
		7147DBBA20155594003C59C3 /* RNFaceDetectorUtils.h */ = {isa = PBXFileReference; lastKnownFileType = sourcecode.c.h; path = RNFaceDetectorUtils.h; sourceTree = "<group>"; };
		7147DBBB20155594003C59C3 /* RNFaceDetectorUtils.m */ = {isa = PBXFileReference; lastKnownFileType = sourcecode.c.objc; path = RNFaceDetectorUtils.m; sourceTree = "<group>"; };
		7147DBBD20155694003C59C3 /* RNFaceEncoder.h */ = {isa = PBXFileReference; lastKnownFileType = sourcecode.c.h; path = RNFaceEncoder.h; sourceTree = "<group>"; };
		7147DBBE20155694003C59C3 /* RNFaceEncoder.m */ = {isa = PBXFileReference; lastKnownFileType = sourcecode.c.objc; path = RNFaceEncoder.m; sourceTree = "<group>"; };
		71C7FFC82013C7AE006EB75A /* RNCameraManager.h */ = {isa = PBXFileReference; lastKnownFileType = sourcecode.c.h; path = RNCameraManager.h; sourceTree = "<group>"; };
		71C7FFC92013C7AE006EB75A /* RNCameraManager.m */ = {isa = PBXFileReference; lastKnownFileType = sourcecode.c.objc; path = RNCameraManager.m; sourceTree = "<group>"; };
		71C7FFCB2013C7BF006EB75A /* RNCamera.h */ = {isa = PBXFileReference; lastKnownFileType = sourcecode.c.h; path = RNCamera.h; sourceTree = "<group>"; };
		71C7FFCC2013C7BF006EB75A /* RNCamera.m */ = {isa = PBXFileReference; lastKnownFileType = sourcecode.c.objc; path = RNCamera.m; sourceTree = "<group>"; };
		71C7FFCE2013C7E5006EB75A /* RNCameraUtils.h */ = {isa = PBXFileReference; lastKnownFileType = sourcecode.c.h; path = RNCameraUtils.h; sourceTree = "<group>"; };
		71C7FFCF2013C7E5006EB75A /* RNCameraUtils.m */ = {isa = PBXFileReference; lastKnownFileType = sourcecode.c.objc; path = RNCameraUtils.m; sourceTree = "<group>"; };
		71C7FFD12013C817006EB75A /* RNImageUtils.h */ = {isa = PBXFileReference; lastKnownFileType = sourcecode.c.h; path = RNImageUtils.h; sourceTree = "<group>"; };
		71C7FFD22013C817006EB75A /* RNImageUtils.m */ = {isa = PBXFileReference; lastKnownFileType = sourcecode.c.objc; path = RNImageUtils.m; sourceTree = "<group>"; };
		71C7FFD42013C824006EB75A /* RNFileSystem.h */ = {isa = PBXFileReference; lastKnownFileType = sourcecode.c.h; path = RNFileSystem.h; sourceTree = "<group>"; };
		71C7FFD52013C824006EB75A /* RNFileSystem.m */ = {isa = PBXFileReference; lastKnownFileType = sourcecode.c.objc; path = RNFileSystem.m; sourceTree = "<group>"; };
		725FA09E206DA45100E15BB2 /* HudlFFmpegProcessor.xcodeproj */ = {isa = PBXFileReference; lastKnownFileType = "wrapper.pb-project"; name = HudlFFmpegProcessor.xcodeproj; path = HudlFFmpeg/HudlFFmpegProcessor.xcodeproj; sourceTree = "<group>"; };
		728ABDC0206353E1007DC4F1 /* dummy.txt */ = {isa = PBXFileReference; fileEncoding = 4; lastKnownFileType = text; path = dummy.txt; sourceTree = "<group>"; };
		728ABDC3206353E1007DC4F1 /* GoogleMobileVision.framework */ = {isa = PBXFileReference; lastKnownFileType = wrapper.framework; path = GoogleMobileVision.framework; sourceTree = "<group>"; };
		728ABDC7206353E1007DC4F1 /* FaceDetector.framework */ = {isa = PBXFileReference; lastKnownFileType = wrapper.framework; path = FaceDetector.framework; sourceTree = "<group>"; };
		728ABDC9206353E1007DC4F1 /* BCLjoy_100.emd */ = {isa = PBXFileReference; lastKnownFileType = file; path = BCLjoy_100.emd; sourceTree = "<group>"; };
		728ABDCA206353E1007DC4F1 /* BCLlefteyeclosed_200.emd */ = {isa = PBXFileReference; lastKnownFileType = file; path = BCLlefteyeclosed_200.emd; sourceTree = "<group>"; };
		728ABDCB206353E1007DC4F1 /* BCLrighteyeclosed_200.emd */ = {isa = PBXFileReference; lastKnownFileType = file; path = BCLrighteyeclosed_200.emd; sourceTree = "<group>"; };
		728ABDCC206353E1007DC4F1 /* LMprec_600.emd */ = {isa = PBXFileReference; lastKnownFileType = file; path = LMprec_600.emd; sourceTree = "<group>"; };
		728ABDCD206353E1007DC4F1 /* MFTprec_202.emd */ = {isa = PBXFileReference; lastKnownFileType = file; path = MFTprec_202.emd; sourceTree = "<group>"; };
		728ABDCE206353E1007DC4F1 /* PFFprec_702.emd */ = {isa = PBXFileReference; lastKnownFileType = file; path = PFFprec_702.emd; sourceTree = "<group>"; };
		728ABDD0206353E1007DC4F1 /* dummy.txt */ = {isa = PBXFileReference; fileEncoding = 4; lastKnownFileType = text; path = dummy.txt; sourceTree = "<group>"; };
		728ABDD3206353E1007DC4F1 /* GoogleMVDataOutput.framework */ = {isa = PBXFileReference; lastKnownFileType = wrapper.framework; path = GoogleMVDataOutput.framework; sourceTree = "<group>"; };
		728ABDD5206353E1007DC4F1 /* dummy.txt */ = {isa = PBXFileReference; fileEncoding = 4; lastKnownFileType = text; path = dummy.txt; sourceTree = "<group>"; };
		728ABDD8206353E1007DC4F1 /* GoogleInterchangeUtilities.framework */ = {isa = PBXFileReference; lastKnownFileType = wrapper.framework; path = GoogleInterchangeUtilities.framework; sourceTree = "<group>"; };
		728ABDDA206353E1007DC4F1 /* dummy.txt */ = {isa = PBXFileReference; fileEncoding = 4; lastKnownFileType = text; path = dummy.txt; sourceTree = "<group>"; };
		728ABDDD206353E1007DC4F1 /* GoogleNetworkingUtilities.framework */ = {isa = PBXFileReference; lastKnownFileType = wrapper.framework; path = GoogleNetworkingUtilities.framework; sourceTree = "<group>"; };
		728ABDDF206353E1007DC4F1 /* dummy.txt */ = {isa = PBXFileReference; fileEncoding = 4; lastKnownFileType = text; path = dummy.txt; sourceTree = "<group>"; };
		728ABDE1206353E1007DC4F1 /* GoogleSymbolUtilities.framework */ = {isa = PBXFileReference; lastKnownFileType = wrapper.framework; path = GoogleSymbolUtilities.framework; sourceTree = "<group>"; };
		728ABDE3206353E2007DC4F1 /* dummy.txt */ = {isa = PBXFileReference; fileEncoding = 4; lastKnownFileType = text; path = dummy.txt; sourceTree = "<group>"; };
		728ABDE6206353E2007DC4F1 /* GoogleUtilities.framework */ = {isa = PBXFileReference; lastKnownFileType = wrapper.framework; path = GoogleUtilities.framework; sourceTree = "<group>"; };
		72A5BAF520631E6000715277 /* AddressBook.framework */ = {isa = PBXFileReference; lastKnownFileType = wrapper.framework; name = AddressBook.framework; path = Platforms/iPhoneOS.platform/Developer/SDKs/iPhoneOS11.2.sdk/System/Library/Frameworks/AddressBook.framework; sourceTree = DEVELOPER_DIR; };
		9FE592B11CA3CBF500788287 /* RCTSensorOrientationChecker.h */ = {isa = PBXFileReference; fileEncoding = 4; lastKnownFileType = sourcecode.c.h; path = RCTSensorOrientationChecker.h; sourceTree = "<group>"; };
		9FE592B21CA3CBF500788287 /* RCTSensorOrientationChecker.m */ = {isa = PBXFileReference; fileEncoding = 4; lastKnownFileType = sourcecode.c.objc; path = RCTSensorOrientationChecker.m; sourceTree = "<group>"; };
/* End PBXFileReference section */

/* Begin PBXFrameworksBuildPhase section */
		4107012C1ACB723B00C6AA39 /* Frameworks */ = {
			isa = PBXFrameworksBuildPhase;
			buildActionMask = 2147483647;
			files = (
				725FA0D4206DA58900E15BB2 /* libHudlFFmpegProcessor.a in Frameworks */,
				728ABDED206353E2007DC4F1 /* GoogleUtilities.framework in Frameworks */,
				728ABDEB206353E2007DC4F1 /* GoogleNetworkingUtilities.framework in Frameworks */,
				728ABDEC206353E2007DC4F1 /* GoogleSymbolUtilities.framework in Frameworks */,
				72A5BAF620631E6100715277 /* AddressBook.framework in Frameworks */,
				728ABDE7206353E2007DC4F1 /* GoogleMobileVision.framework in Frameworks */,
				728ABDEA206353E2007DC4F1 /* GoogleInterchangeUtilities.framework in Frameworks */,
				728ABDE9206353E2007DC4F1 /* GoogleMVDataOutput.framework in Frameworks */,
				728ABDE8206353E2007DC4F1 /* FaceDetector.framework in Frameworks */,
			);
			runOnlyForDeploymentPostprocessing = 0;
		};
/* End PBXFrameworksBuildPhase section */

/* Begin PBXGroup section */
		410701241ACB719800C6AA39 = {
			isa = PBXGroup;
			children = (
				72A5BA9E20631DAF00715277 /* Frameworks */,
				7147DBB02015317E003C59C3 /* FaceDetector */,
				714166162013E1B600EE9FCC /* RN */,
				714166152013E19D00EE9FCC /* RCT */,
				410701301ACB723B00C6AA39 /* Products */,
			);
			sourceTree = "<group>";
		};
		410701301ACB723B00C6AA39 /* Products */ = {
			isa = PBXGroup;
			children = (
				4107012F1ACB723B00C6AA39 /* libRNCamera.a */,
			);
			name = Products;
			sourceTree = "<group>";
		};
		714166152013E19D00EE9FCC /* RCT */ = {
			isa = PBXGroup;
			children = (
				9FE592B11CA3CBF500788287 /* RCTSensorOrientationChecker.h */,
				9FE592B21CA3CBF500788287 /* RCTSensorOrientationChecker.m */,
				0314E39C1B661A460092D183 /* CameraFocusSquare.m */,
				0314E39B1B661A0C0092D183 /* CameraFocusSquare.h */,
				454EBCF31B5082DC00AD0F86 /* NSMutableDictionary+ImageMetadata.m */,
				410701471ACB732B00C6AA39 /* RCTCamera.h */,
				410701481ACB732B00C6AA39 /* RCTCamera.m */,
				410701491ACB732B00C6AA39 /* RCTCameraManager.h */,
				4107014A1ACB732B00C6AA39 /* RCTCameraManager.m */,
			);
			path = RCT;
			sourceTree = "<group>";
		};
		714166162013E1B600EE9FCC /* RN */ = {
			isa = PBXGroup;
			children = (
				71C7FFD42013C824006EB75A /* RNFileSystem.h */,
				71C7FFD52013C824006EB75A /* RNFileSystem.m */,
				71C7FFD12013C817006EB75A /* RNImageUtils.h */,
				71C7FFD22013C817006EB75A /* RNImageUtils.m */,
				71C7FFCE2013C7E5006EB75A /* RNCameraUtils.h */,
				71C7FFCF2013C7E5006EB75A /* RNCameraUtils.m */,
				71C7FFC82013C7AE006EB75A /* RNCameraManager.h */,
				71C7FFC92013C7AE006EB75A /* RNCameraManager.m */,
				71C7FFCB2013C7BF006EB75A /* RNCamera.h */,
				71C7FFCC2013C7BF006EB75A /* RNCamera.m */,
				7103647920195C53009691D1 /* RNFaceDetectorManagerStub.h */,
				7103647A20195C53009691D1 /* RNFaceDetectorManagerStub.m */,
			);
			path = RN;
			sourceTree = "<group>";
		};
		7147DBB02015317E003C59C3 /* FaceDetector */ = {
			isa = PBXGroup;
			children = (
				7147DBB12015319E003C59C3 /* RNFaceDetectorManager.h */,
				7147DBB22015319E003C59C3 /* RNFaceDetectorManager.m */,
				7147DBB420155340003C59C3 /* RNFaceDetectorModule.h */,
				7147DBB520155340003C59C3 /* RNFaceDetectorModule.m */,
				7147DBB7201553EE003C59C3 /* RNFaceDetectorPointTransformCalculator.h */,
				7147DBB8201553EE003C59C3 /* RNFaceDetectorPointTransformCalculator.m */,
				7147DBBA20155594003C59C3 /* RNFaceDetectorUtils.h */,
				7147DBBB20155594003C59C3 /* RNFaceDetectorUtils.m */,
				7147DBBD20155694003C59C3 /* RNFaceEncoder.h */,
				7147DBBE20155694003C59C3 /* RNFaceEncoder.m */,
			);
			path = FaceDetector;
			sourceTree = "<group>";
		};
		725FA09F206DA45100E15BB2 /* Products */ = {
			isa = PBXGroup;
			children = (
				725FA0A4206DA45100E15BB2 /* libHudlFFmpegProcessor.a */,
				725FA0A6206DA45100E15BB2 /* HudlFFmpegProcessorTests.xctest */,
			);
			name = Products;
			sourceTree = "<group>";
		};
		728ABDBE206353E1007DC4F1 /* GoogleMobileVision-1.1.0 */ = {
			isa = PBXGroup;
			children = (
				728ABDBF206353E1007DC4F1 /* Detector */,
				728ABDC4206353E1007DC4F1 /* FaceDetector */,
				728ABDCF206353E1007DC4F1 /* MVDataOutput */,
			);
			path = "GoogleMobileVision-1.1.0";
			sourceTree = "<group>";
		};
		728ABDBF206353E1007DC4F1 /* Detector */ = {
			isa = PBXGroup;
			children = (
				728ABDC0206353E1007DC4F1 /* dummy.txt */,
				728ABDC1206353E1007DC4F1 /* Frameworks */,
			);
			path = Detector;
			sourceTree = "<group>";
		};
		728ABDC1206353E1007DC4F1 /* Frameworks */ = {
			isa = PBXGroup;
			children = (
				728ABDC2206353E1007DC4F1 /* frameworks */,
			);
			path = Frameworks;
			sourceTree = "<group>";
		};
		728ABDC2206353E1007DC4F1 /* frameworks */ = {
			isa = PBXGroup;
			children = (
				728ABDC3206353E1007DC4F1 /* GoogleMobileVision.framework */,
			);
			path = frameworks;
			sourceTree = "<group>";
		};
		728ABDC4206353E1007DC4F1 /* FaceDetector */ = {
			isa = PBXGroup;
			children = (
				728ABDC5206353E1007DC4F1 /* Frameworks */,
				728ABDC8206353E1007DC4F1 /* Resources */,
			);
			path = FaceDetector;
			sourceTree = "<group>";
		};
		728ABDC5206353E1007DC4F1 /* Frameworks */ = {
			isa = PBXGroup;
			children = (
				728ABDC6206353E1007DC4F1 /* frameworks */,
			);
			path = Frameworks;
			sourceTree = "<group>";
		};
		728ABDC6206353E1007DC4F1 /* frameworks */ = {
			isa = PBXGroup;
			children = (
				728ABDC7206353E1007DC4F1 /* FaceDetector.framework */,
			);
			path = frameworks;
			sourceTree = "<group>";
		};
		728ABDC8206353E1007DC4F1 /* Resources */ = {
			isa = PBXGroup;
			children = (
				728ABDC9206353E1007DC4F1 /* BCLjoy_100.emd */,
				728ABDCA206353E1007DC4F1 /* BCLlefteyeclosed_200.emd */,
				728ABDCB206353E1007DC4F1 /* BCLrighteyeclosed_200.emd */,
				728ABDCC206353E1007DC4F1 /* LMprec_600.emd */,
				728ABDCD206353E1007DC4F1 /* MFTprec_202.emd */,
				728ABDCE206353E1007DC4F1 /* PFFprec_702.emd */,
			);
			path = Resources;
			sourceTree = "<group>";
		};
		728ABDCF206353E1007DC4F1 /* MVDataOutput */ = {
			isa = PBXGroup;
			children = (
				728ABDD0206353E1007DC4F1 /* dummy.txt */,
				728ABDD1206353E1007DC4F1 /* Frameworks */,
			);
			path = MVDataOutput;
			sourceTree = "<group>";
		};
		728ABDD1206353E1007DC4F1 /* Frameworks */ = {
			isa = PBXGroup;
			children = (
				728ABDD2206353E1007DC4F1 /* frameworks */,
			);
			path = Frameworks;
			sourceTree = "<group>";
		};
		728ABDD2206353E1007DC4F1 /* frameworks */ = {
			isa = PBXGroup;
			children = (
				728ABDD3206353E1007DC4F1 /* GoogleMVDataOutput.framework */,
			);
			path = frameworks;
			sourceTree = "<group>";
		};
		728ABDD4206353E1007DC4F1 /* GoogleInterchangeUtilities-1.2.2 */ = {
			isa = PBXGroup;
			children = (
				728ABDD5206353E1007DC4F1 /* dummy.txt */,
				728ABDD6206353E1007DC4F1 /* Frameworks */,
			);
			path = "GoogleInterchangeUtilities-1.2.2";
			sourceTree = "<group>";
		};
		728ABDD6206353E1007DC4F1 /* Frameworks */ = {
			isa = PBXGroup;
			children = (
				728ABDD7206353E1007DC4F1 /* frameworks */,
			);
			path = Frameworks;
			sourceTree = "<group>";
		};
		728ABDD7206353E1007DC4F1 /* frameworks */ = {
			isa = PBXGroup;
			children = (
				728ABDD8206353E1007DC4F1 /* GoogleInterchangeUtilities.framework */,
			);
			path = frameworks;
			sourceTree = "<group>";
		};
		728ABDD9206353E1007DC4F1 /* GoogleNetworkingUtilities-1.2.2 */ = {
			isa = PBXGroup;
			children = (
				728ABDDA206353E1007DC4F1 /* dummy.txt */,
				728ABDDB206353E1007DC4F1 /* Frameworks */,
			);
			path = "GoogleNetworkingUtilities-1.2.2";
			sourceTree = "<group>";
		};
		728ABDDB206353E1007DC4F1 /* Frameworks */ = {
			isa = PBXGroup;
			children = (
				728ABDDC206353E1007DC4F1 /* frameworks */,
			);
			path = Frameworks;
			sourceTree = "<group>";
		};
		728ABDDC206353E1007DC4F1 /* frameworks */ = {
			isa = PBXGroup;
			children = (
				728ABDDD206353E1007DC4F1 /* GoogleNetworkingUtilities.framework */,
			);
			path = frameworks;
			sourceTree = "<group>";
		};
		728ABDDE206353E1007DC4F1 /* GoogleSymbolUtilities-1.1.1 */ = {
			isa = PBXGroup;
			children = (
				728ABDDF206353E1007DC4F1 /* dummy.txt */,
				728ABDE0206353E1007DC4F1 /* Frameworks */,
			);
			path = "GoogleSymbolUtilities-1.1.1";
			sourceTree = "<group>";
		};
		728ABDE0206353E1007DC4F1 /* Frameworks */ = {
			isa = PBXGroup;
			children = (
				728ABDE1206353E1007DC4F1 /* GoogleSymbolUtilities.framework */,
			);
			path = Frameworks;
			sourceTree = "<group>";
		};
		728ABDE2206353E2007DC4F1 /* GoogleUtilities-1.3.2 */ = {
			isa = PBXGroup;
			children = (
				728ABDE3206353E2007DC4F1 /* dummy.txt */,
				728ABDE4206353E2007DC4F1 /* Frameworks */,
			);
			path = "GoogleUtilities-1.3.2";
			sourceTree = "<group>";
		};
		728ABDE4206353E2007DC4F1 /* Frameworks */ = {
			isa = PBXGroup;
			children = (
				728ABDE5206353E2007DC4F1 /* frameworks */,
			);
			path = Frameworks;
			sourceTree = "<group>";
		};
		728ABDE5206353E2007DC4F1 /* frameworks */ = {
			isa = PBXGroup;
			children = (
				728ABDE6206353E2007DC4F1 /* GoogleUtilities.framework */,
			);
			path = frameworks;
			sourceTree = "<group>";
		};
		72A5BA9E20631DAF00715277 /* Frameworks */ = {
			isa = PBXGroup;
			children = (
				725FA09E206DA45100E15BB2 /* HudlFFmpegProcessor.xcodeproj */,
				728ABDD4206353E1007DC4F1 /* GoogleInterchangeUtilities-1.2.2 */,
				728ABDBE206353E1007DC4F1 /* GoogleMobileVision-1.1.0 */,
				728ABDD9206353E1007DC4F1 /* GoogleNetworkingUtilities-1.2.2 */,
				728ABDDE206353E1007DC4F1 /* GoogleSymbolUtilities-1.1.1 */,
				728ABDE2206353E2007DC4F1 /* GoogleUtilities-1.3.2 */,
				72A5BAF520631E6000715277 /* AddressBook.framework */,
			);
			path = Frameworks;
			sourceTree = "<group>";
		};
/* End PBXGroup section */

/* Begin PBXNativeTarget section */
		4107012E1ACB723B00C6AA39 /* RNCamera */ = {
			isa = PBXNativeTarget;
			buildConfigurationList = 410701411ACB723B00C6AA39 /* Build configuration list for PBXNativeTarget "RNCamera" */;
			buildPhases = (
				4107012B1ACB723B00C6AA39 /* Sources */,
				4107012C1ACB723B00C6AA39 /* Frameworks */,
				4107012D1ACB723B00C6AA39 /* CopyFiles */,
			);
			buildRules = (
			);
			dependencies = (
			);
			name = RNCamera;
			productName = RCTCamera;
			productReference = 4107012F1ACB723B00C6AA39 /* libRNCamera.a */;
			productType = "com.apple.product-type.library.static";
		};
/* End PBXNativeTarget section */

/* Begin PBXProject section */
		410701251ACB719800C6AA39 /* Project object */ = {
			isa = PBXProject;
			attributes = {
				LastUpgradeCheck = 0620;
				TargetAttributes = {
					4107012E1ACB723B00C6AA39 = {
						CreatedOnToolsVersion = 6.2;
					};
				};
			};
			buildConfigurationList = 410701281ACB719800C6AA39 /* Build configuration list for PBXProject "RNCamera" */;
			compatibilityVersion = "Xcode 3.2";
			developmentRegion = English;
			hasScannedForEncodings = 0;
			knownRegions = (
				en,
				Base,
			);
			mainGroup = 410701241ACB719800C6AA39;
			productRefGroup = 410701301ACB723B00C6AA39 /* Products */;
			projectDirPath = "";
			projectReferences = (
				{
					ProductGroup = 725FA09F206DA45100E15BB2 /* Products */;
					ProjectRef = 725FA09E206DA45100E15BB2 /* HudlFFmpegProcessor.xcodeproj */;
				},
			);
			projectRoot = "";
			targets = (
				4107012E1ACB723B00C6AA39 /* RNCamera */,
			);
		};
/* End PBXProject section */

/* Begin PBXReferenceProxy section */
		725FA0A4206DA45100E15BB2 /* libHudlFFmpegProcessor.a */ = {
			isa = PBXReferenceProxy;
			fileType = archive.ar;
			path = libHudlFFmpegProcessor.a;
			remoteRef = 725FA0A3206DA45100E15BB2 /* PBXContainerItemProxy */;
			sourceTree = BUILT_PRODUCTS_DIR;
		};
		725FA0A6206DA45100E15BB2 /* HudlFFmpegProcessorTests.xctest */ = {
			isa = PBXReferenceProxy;
			fileType = wrapper.cfbundle;
			path = HudlFFmpegProcessorTests.xctest;
			remoteRef = 725FA0A5206DA45100E15BB2 /* PBXContainerItemProxy */;
			sourceTree = BUILT_PRODUCTS_DIR;
		};
/* End PBXReferenceProxy section */

/* Begin PBXSourcesBuildPhase section */
		4107012B1ACB723B00C6AA39 /* Sources */ = {
			isa = PBXSourcesBuildPhase;
			buildActionMask = 2147483647;
			files = (
				0314E39D1B661A460092D183 /* CameraFocusSquare.m in Sources */,
				71D5C728201B8A2A0030A15E /* RNFaceEncoder.m in Sources */,
				454EBCF41B5082DC00AD0F86 /* NSMutableDictionary+ImageMetadata.m in Sources */,
				71C7FFD62013C824006EB75A /* RNFileSystem.m in Sources */,
				71D5C729201B8A2D0030A15E /* RNFaceDetectorUtils.m in Sources */,
				4107014E1ACB732B00C6AA39 /* RCTCameraManager.m in Sources */,
				728ABC4220632286007DC4F1 /* RCTCamera.m in Sources */,
				71D5C72C201B8A360030A15E /* RNFaceDetectorManager.m in Sources */,
				7103647B20195C53009691D1 /* RNFaceDetectorManagerStub.m in Sources */,
				71D5C72A201B8A2F0030A15E /* RNFaceDetectorPointTransformCalculator.m in Sources */,
				71C7FFD02013C7E5006EB75A /* RNCameraUtils.m in Sources */,
				7162BE682013EAA400FE51FF /* RNCameraManager.m in Sources */,
				7162BE672013EAA100FE51FF /* RNCamera.m in Sources */,
				9FE592B31CA3CBF500788287 /* RCTSensorOrientationChecker.m in Sources */,
				71C7FFD32013C817006EB75A /* RNImageUtils.m in Sources */,
				71D5C72B201B8A320030A15E /* RNFaceDetectorModule.m in Sources */,
			);
			runOnlyForDeploymentPostprocessing = 0;
		};
/* End PBXSourcesBuildPhase section */

/* Begin XCBuildConfiguration section */
		410701291ACB719800C6AA39 /* Debug */ = {
			isa = XCBuildConfiguration;
			buildSettings = {
				ONLY_ACTIVE_ARCH = YES;
				SUPPORTED_PLATFORMS = "iphonesimulator iphoneos";
			};
			name = Debug;
		};
		4107012A1ACB719800C6AA39 /* Release */ = {
			isa = XCBuildConfiguration;
			buildSettings = {
				ONLY_ACTIVE_ARCH = YES;
				SUPPORTED_PLATFORMS = "iphonesimulator iphoneos";
			};
			name = Release;
		};
		410701421ACB723B00C6AA39 /* Debug */ = {
			isa = XCBuildConfiguration;
			buildSettings = {
				ALWAYS_SEARCH_USER_PATHS = NO;
				CLANG_CXX_LANGUAGE_STANDARD = "gnu++0x";
				CLANG_CXX_LIBRARY = "libc++";
				CLANG_ENABLE_MODULES = YES;
				CLANG_ENABLE_OBJC_ARC = YES;
				CLANG_WARN_BOOL_CONVERSION = YES;
				CLANG_WARN_CONSTANT_CONVERSION = YES;
				CLANG_WARN_DIRECT_OBJC_ISA_USAGE = YES_ERROR;
				CLANG_WARN_EMPTY_BODY = YES;
				CLANG_WARN_ENUM_CONVERSION = YES;
				CLANG_WARN_INT_CONVERSION = YES;
				CLANG_WARN_OBJC_ROOT_CLASS = YES_ERROR;
				CLANG_WARN_UNREACHABLE_CODE = YES;
				CLANG_WARN__DUPLICATE_METHOD_MATCH = YES;
				COPY_PHASE_STRIP = NO;
				ENABLE_BITCODE = NO;
				ENABLE_STRICT_OBJC_MSGSEND = YES;
				FRAMEWORK_SEARCH_PATHS = (
					"$(SRCROOT)/../../../ios/**",
					"${BUILT_PRODUCTS_DIR}/**",
					"$(PROJECT_DIR)/Frameworks/**",
				);
				GCC_C_LANGUAGE_STANDARD = gnu99;
				GCC_DYNAMIC_NO_PIC = NO;
				GCC_OPTIMIZATION_LEVEL = 0;
				GCC_PREPROCESSOR_DEFINITIONS = (
					"DEBUG=1",
					"$(inherited)",
				);
				GCC_SYMBOLS_PRIVATE_EXTERN = NO;
				GCC_WARN_64_TO_32_BIT_CONVERSION = YES;
				GCC_WARN_ABOUT_RETURN_TYPE = YES_ERROR;
				GCC_WARN_UNDECLARED_SELECTOR = YES;
				GCC_WARN_UNINITIALIZED_AUTOS = YES_AGGRESSIVE;
				GCC_WARN_UNUSED_FUNCTION = YES;
				GCC_WARN_UNUSED_VARIABLE = YES;
				HEADER_SEARCH_PATHS = (
					"$(SRCROOT)/../../../ios/**",
					"$(SRCROOT)/../../../React/**",
					"$(SRCROOT)/../../react-native/React/**",
					"$(PROJECT_DIR)/Frameworks/**",
				);
				IPHONEOS_DEPLOYMENT_TARGET = 8.2;
				LIBRARY_SEARCH_PATHS = (
					"$(SRCROOT)/../../../ios/**",
					"$(PROJECT_DIR)/Submodules/HudlFFmpeg/HudlFFmpegProcessor",
					"$(PROJECT_DIR)/Frameworks/**",
					"$(PROJECT_DIR)/Frameworks/HudlFFmpeg/HudlFFmpegProcessor/FFmpeg/lib",
					"$(PROJECT_DIR)/Frameworks/HudlFFmpeg/HudlFFmpegProcessor",
				);
				MTL_ENABLE_DEBUG_INFO = YES;
				ONLY_ACTIVE_ARCH = NO;
				OTHER_LDFLAGS = (
					"-ObjC",
					"-lc++",
					"-lz",
					"-liconv",
					"-lbz2",
				);
				PRODUCT_NAME = "$(TARGET_NAME)";
				SDKROOT = iphoneos;
				SKIP_INSTALL = YES;
			};
			name = Debug;
		};
		410701431ACB723B00C6AA39 /* Release */ = {
			isa = XCBuildConfiguration;
			buildSettings = {
				ALWAYS_SEARCH_USER_PATHS = NO;
				CLANG_CXX_LANGUAGE_STANDARD = "gnu++0x";
				CLANG_CXX_LIBRARY = "libc++";
				CLANG_ENABLE_MODULES = YES;
				CLANG_ENABLE_OBJC_ARC = YES;
				CLANG_WARN_BOOL_CONVERSION = YES;
				CLANG_WARN_CONSTANT_CONVERSION = YES;
				CLANG_WARN_DIRECT_OBJC_ISA_USAGE = YES_ERROR;
				CLANG_WARN_EMPTY_BODY = YES;
				CLANG_WARN_ENUM_CONVERSION = YES;
				CLANG_WARN_INT_CONVERSION = YES;
				CLANG_WARN_OBJC_ROOT_CLASS = YES_ERROR;
				CLANG_WARN_UNREACHABLE_CODE = YES;
				CLANG_WARN__DUPLICATE_METHOD_MATCH = YES;
				COPY_PHASE_STRIP = NO;
				ENABLE_BITCODE = NO;
				ENABLE_NS_ASSERTIONS = NO;
				ENABLE_STRICT_OBJC_MSGSEND = YES;
				FRAMEWORK_SEARCH_PATHS = (
					"$(SRCROOT)/../../../ios/**",
					"${BUILT_PRODUCTS_DIR}/**",
					"$(PROJECT_DIR)/Frameworks/**",
				);
				GCC_C_LANGUAGE_STANDARD = gnu99;
				GCC_WARN_64_TO_32_BIT_CONVERSION = YES;
				GCC_WARN_ABOUT_RETURN_TYPE = YES_ERROR;
				GCC_WARN_UNDECLARED_SELECTOR = YES;
				GCC_WARN_UNINITIALIZED_AUTOS = YES_AGGRESSIVE;
				GCC_WARN_UNUSED_FUNCTION = YES;
				GCC_WARN_UNUSED_VARIABLE = YES;
				HEADER_SEARCH_PATHS = (
					"$(SRCROOT)/../../../ios/**",
					"$(SRCROOT)/../../../React/**",
					"$(SRCROOT)/../../react-native/React/**",
					"$(PROJECT_DIR)/Frameworks/**",
				);
				IPHONEOS_DEPLOYMENT_TARGET = 8.2;
				LIBRARY_SEARCH_PATHS = (
					"$(SRCROOT)/../../../ios/**",
					"$(PROJECT_DIR)/Submodules/HudlFFmpeg/HudlFFmpegProcessor",
					"$(PROJECT_DIR)/Frameworks/**",
					"$(PROJECT_DIR)/Frameworks/HudlFFmpeg/HudlFFmpegProcessor/FFmpeg/lib",
					"$(PROJECT_DIR)/Frameworks/HudlFFmpeg/HudlFFmpegProcessor",
				);
				MTL_ENABLE_DEBUG_INFO = NO;
				ONLY_ACTIVE_ARCH = NO;
				OTHER_LDFLAGS = (
					"-ObjC",
					"-lc++",
					"-lz",
					"-liconv",
					"-lbz2",
				);
				PRODUCT_NAME = "$(TARGET_NAME)";
				SDKROOT = iphoneos;
				SKIP_INSTALL = YES;
				VALIDATE_PRODUCT = YES;
			};
			name = Release;
		};
/* End XCBuildConfiguration section */

/* Begin XCConfigurationList section */
		410701281ACB719800C6AA39 /* Build configuration list for PBXProject "RNCamera" */ = {
			isa = XCConfigurationList;
			buildConfigurations = (
				410701291ACB719800C6AA39 /* Debug */,
				4107012A1ACB719800C6AA39 /* Release */,
			);
			defaultConfigurationIsVisible = 0;
			defaultConfigurationName = Release;
		};
		410701411ACB723B00C6AA39 /* Build configuration list for PBXNativeTarget "RNCamera" */ = {
			isa = XCConfigurationList;
			buildConfigurations = (
				410701421ACB723B00C6AA39 /* Debug */,
				410701431ACB723B00C6AA39 /* Release */,
			);
			defaultConfigurationIsVisible = 0;
			defaultConfigurationName = Release;
		};
/* End XCConfigurationList section */
	};
	rootObject = 410701251ACB719800C6AA39 /* Project object */;
}
